// !$*UTF8*$!
{
	archiveVersion = 1;
	classes = {
	};
	objectVersion = 56;
	objects = {

/* Begin PBXBuildFile section */
		4B0BAEEF2DA300FC000ECE60 /* PhotoResultView.swift in Sources */ = {isa = PBXBuildFile; fileRef = 4B0BAEEE2DA300FC000ECE60 /* PhotoResultView.swift */; };
		4B1CCDD32D87D04E00B8FD40 /* BonsenseApp.swift in Sources */ = {isa = PBXBuildFile; fileRef = 4B1CCDD22D87D04E00B8FD40 /* BonsenseApp.swift */; };
		4B1CCDD72D87D04F00B8FD40 /* Assets.xcassets in Resources */ = {isa = PBXBuildFile; fileRef = 4B1CCDD62D87D04F00B8FD40 /* Assets.xcassets */; };
		4B1CCDDA2D87D04F00B8FD40 /* Preview Assets.xcassets in Resources */ = {isa = PBXBuildFile; fileRef = 4B1CCDD92D87D04F00B8FD40 /* Preview Assets.xcassets */; };
		4B1CCDE22D87D20800B8FD40 /* MoistureModel.swift in Sources */ = {isa = PBXBuildFile; fileRef = 4B1CCDE12D87D20800B8FD40 /* MoistureModel.swift */; };
		4B1CCDE72D87D22400B8FD40 /* PhotoViewModel.swift in Sources */ = {isa = PBXBuildFile; fileRef = 4B1CCDE62D87D22400B8FD40 /* PhotoViewModel.swift */; };
		4B1CCDE92D87D22F00B8FD40 /* ResultViewModel.swift in Sources */ = {isa = PBXBuildFile; fileRef = 4B1CCDE82D87D22F00B8FD40 /* ResultViewModel.swift */; };
		4B1CCDEC2D87D23E00B8FD40 /* LandingView.swift in Sources */ = {isa = PBXBuildFile; fileRef = 4B1CCDEB2D87D23E00B8FD40 /* LandingView.swift */; };
		4B1CCDEE2D87D24600B8FD40 /* PhotoView.swift in Sources */ = {isa = PBXBuildFile; fileRef = 4B1CCDED2D87D24600B8FD40 /* PhotoView.swift */; };
		4B1CCDF02D87D24C00B8FD40 /* SensorResultView.swift in Sources */ = {isa = PBXBuildFile; fileRef = 4B1CCDEF2D87D24C00B8FD40 /* SensorResultView.swift */; };
		4B1CCDF32D87D4B900B8FD40 /* Theme.swift in Sources */ = {isa = PBXBuildFile; fileRef = 4B1CCDF22D87D4B900B8FD40 /* Theme.swift */; };
		4B7506832DA449F3001D3FB1 /* SVCPredictionService.swift in Sources */ = {isa = PBXBuildFile; fileRef = 4B7506822DA449F3001D3FB1 /* SVCPredictionService.swift */; };
		4B7506852DA4517F001D3FB1 /* FeatureExtraction.swift in Sources */ = {isa = PBXBuildFile; fileRef = 4B7506842DA4517F001D3FB1 /* FeatureExtraction.swift */; };
		4B75068E2DA45900001D3FB1 /* BonsenseTests.swift in Sources */ = {isa = PBXBuildFile; fileRef = 4B75068D2DA45900001D3FB1 /* BonsenseTests.swift */; };
		4B7506972DA46049001D3FB1 /* FeatureExtractionTests.swift in Sources */ = {isa = PBXBuildFile; fileRef = 4B7506962DA46049001D3FB1 /* FeatureExtractionTests.swift */; };
		4B8C4E632DA1E8380033DC73 /* BLECentralService.swift in Sources */ = {isa = PBXBuildFile; fileRef = 4B8C4E622DA1E8380033DC73 /* BLECentralService.swift */; };
		4BC93C142D88F31C0055018E /* BluetoothViewModel.swift in Sources */ = {isa = PBXBuildFile; fileRef = 4BC93C132D88F31C0055018E /* BluetoothViewModel.swift */; };
		4BC93C172D88F34F0055018E /* BLEPeripheralService.swift in Sources */ = {isa = PBXBuildFile; fileRef = 4BC93C162D88F34F0055018E /* BLEPeripheralService.swift */; };
		4BC93C192D88F3B10055018E /* SensorPairingView.swift in Sources */ = {isa = PBXBuildFile; fileRef = 4BC93C182D88F3B10055018E /* SensorPairingView.swift */; };
		4BDBAC032DA46AE900A2035B /* dry0.jpg in Resources */ = {isa = PBXBuildFile; fileRef = 4BDBAC022DA46AE900A2035B /* dry0.jpg */; };
		4BDBAC072DA47BD200A2035B /* SoilClassifierSVC.mlmodel in Sources */ = {isa = PBXBuildFile; fileRef = 4BDBAC062DA47BD200A2035B /* SoilClassifierSVC.mlmodel */; };
		4BDBAC092DA47BF500A2035B /* InferenceTest.swift in Sources */ = {isa = PBXBuildFile; fileRef = 4BDBAC082DA47BF500A2035B /* InferenceTest.swift */; };
/* End PBXBuildFile section */

/* Begin PBXContainerItemProxy section */
		4B75068F2DA45900001D3FB1 /* PBXContainerItemProxy */ = {
			isa = PBXContainerItemProxy;
			containerPortal = 4B1CCDC72D87D04E00B8FD40 /* Project object */;
			proxyType = 1;
			remoteGlobalIDString = 4B1CCDCE2D87D04E00B8FD40;
			remoteInfo = Bonsense;
		};
/* End PBXContainerItemProxy section */

/* Begin PBXFileReference section */
		4B0BAEEE2DA300FC000ECE60 /* PhotoResultView.swift */ = {isa = PBXFileReference; lastKnownFileType = sourcecode.swift; path = PhotoResultView.swift; sourceTree = "<group>"; };
		4B1CCDCF2D87D04E00B8FD40 /* Bonsense.app */ = {isa = PBXFileReference; explicitFileType = wrapper.application; includeInIndex = 0; path = Bonsense.app; sourceTree = BUILT_PRODUCTS_DIR; };
		4B1CCDD22D87D04E00B8FD40 /* BonsenseApp.swift */ = {isa = PBXFileReference; lastKnownFileType = sourcecode.swift; path = BonsenseApp.swift; sourceTree = "<group>"; };
		4B1CCDD62D87D04F00B8FD40 /* Assets.xcassets */ = {isa = PBXFileReference; lastKnownFileType = folder.assetcatalog; path = Assets.xcassets; sourceTree = "<group>"; };
		4B1CCDD92D87D04F00B8FD40 /* Preview Assets.xcassets */ = {isa = PBXFileReference; lastKnownFileType = folder.assetcatalog; path = "Preview Assets.xcassets"; sourceTree = "<group>"; };
		4B1CCDE12D87D20800B8FD40 /* MoistureModel.swift */ = {isa = PBXFileReference; lastKnownFileType = sourcecode.swift; path = MoistureModel.swift; sourceTree = "<group>"; };
		4B1CCDE62D87D22400B8FD40 /* PhotoViewModel.swift */ = {isa = PBXFileReference; lastKnownFileType = sourcecode.swift; path = PhotoViewModel.swift; sourceTree = "<group>"; };
		4B1CCDE82D87D22F00B8FD40 /* ResultViewModel.swift */ = {isa = PBXFileReference; lastKnownFileType = sourcecode.swift; path = ResultViewModel.swift; sourceTree = "<group>"; };
		4B1CCDEB2D87D23E00B8FD40 /* LandingView.swift */ = {isa = PBXFileReference; lastKnownFileType = sourcecode.swift; path = LandingView.swift; sourceTree = "<group>"; };
		4B1CCDED2D87D24600B8FD40 /* PhotoView.swift */ = {isa = PBXFileReference; lastKnownFileType = sourcecode.swift; path = PhotoView.swift; sourceTree = "<group>"; };
		4B1CCDEF2D87D24C00B8FD40 /* SensorResultView.swift */ = {isa = PBXFileReference; lastKnownFileType = sourcecode.swift; path = SensorResultView.swift; sourceTree = "<group>"; };
		4B1CCDF22D87D4B900B8FD40 /* Theme.swift */ = {isa = PBXFileReference; lastKnownFileType = sourcecode.swift; path = Theme.swift; sourceTree = "<group>"; };
		4B7506822DA449F3001D3FB1 /* SVCPredictionService.swift */ = {isa = PBXFileReference; lastKnownFileType = sourcecode.swift; path = SVCPredictionService.swift; sourceTree = "<group>"; };
		4B7506842DA4517F001D3FB1 /* FeatureExtraction.swift */ = {isa = PBXFileReference; lastKnownFileType = sourcecode.swift; path = FeatureExtraction.swift; sourceTree = "<group>"; };
		4B7506862DA458D9001D3FB1 /* Bonsense.xctestplan */ = {isa = PBXFileReference; lastKnownFileType = text; path = Bonsense.xctestplan; sourceTree = "<group>"; };
		4B75068B2DA45900001D3FB1 /* BonsenseTests.xctest */ = {isa = PBXFileReference; explicitFileType = wrapper.cfbundle; includeInIndex = 0; path = BonsenseTests.xctest; sourceTree = BUILT_PRODUCTS_DIR; };
		4B75068D2DA45900001D3FB1 /* BonsenseTests.swift */ = {isa = PBXFileReference; lastKnownFileType = sourcecode.swift; path = BonsenseTests.swift; sourceTree = "<group>"; };
		4B7506962DA46049001D3FB1 /* FeatureExtractionTests.swift */ = {isa = PBXFileReference; fileEncoding = 4; lastKnownFileType = sourcecode.swift; path = FeatureExtractionTests.swift; sourceTree = "<group>"; };
		4B8C4E622DA1E8380033DC73 /* BLECentralService.swift */ = {isa = PBXFileReference; lastKnownFileType = sourcecode.swift; path = BLECentralService.swift; sourceTree = "<group>"; };
		4BC93C132D88F31C0055018E /* BluetoothViewModel.swift */ = {isa = PBXFileReference; lastKnownFileType = sourcecode.swift; path = BluetoothViewModel.swift; sourceTree = "<group>"; };
		4BC93C162D88F34F0055018E /* BLEPeripheralService.swift */ = {isa = PBXFileReference; lastKnownFileType = sourcecode.swift; path = BLEPeripheralService.swift; sourceTree = "<group>"; };
		4BC93C182D88F3B10055018E /* SensorPairingView.swift */ = {isa = PBXFileReference; lastKnownFileType = sourcecode.swift; path = SensorPairingView.swift; sourceTree = "<group>"; };
		4BDBAC022DA46AE900A2035B /* dry0.jpg */ = {isa = PBXFileReference; lastKnownFileType = image.jpeg; name = dry0.jpg; path = ../../../../new_samples/dry0.jpg; sourceTree = "<group>"; };
		4BDBAC062DA47BD200A2035B /* SoilClassifierSVC.mlmodel */ = {isa = PBXFileReference; lastKnownFileType = file.mlmodel; name = SoilClassifierSVC.mlmodel; path = ../../../model/models/SoilClassifierSVC.mlmodel; sourceTree = "<group>"; };
		4BDBAC082DA47BF500A2035B /* InferenceTest.swift */ = {isa = PBXFileReference; lastKnownFileType = sourcecode.swift; path = InferenceTest.swift; sourceTree = "<group>"; };
/* End PBXFileReference section */

/* Begin PBXFrameworksBuildPhase section */
		4B1CCDCC2D87D04E00B8FD40 /* Frameworks */ = {
			isa = PBXFrameworksBuildPhase;
			buildActionMask = 2147483647;
			files = (
			);
			runOnlyForDeploymentPostprocessing = 0;
		};
		4B7506882DA45900001D3FB1 /* Frameworks */ = {
			isa = PBXFrameworksBuildPhase;
			buildActionMask = 2147483647;
			files = (
			);
			runOnlyForDeploymentPostprocessing = 0;
		};
/* End PBXFrameworksBuildPhase section */

/* Begin PBXGroup section */
		4B1CCDC62D87D04E00B8FD40 = {
			isa = PBXGroup;
			children = (
				4B7506862DA458D9001D3FB1 /* Bonsense.xctestplan */,
				4B1CCDD12D87D04E00B8FD40 /* Bonsense */,
				4B75068C2DA45900001D3FB1 /* BonsenseTests */,
				4B1CCDD02D87D04E00B8FD40 /* Products */,
			);
			sourceTree = "<group>";
		};
		4B1CCDD02D87D04E00B8FD40 /* Products */ = {
			isa = PBXGroup;
			children = (
				4B1CCDCF2D87D04E00B8FD40 /* Bonsense.app */,
				4B75068B2DA45900001D3FB1 /* BonsenseTests.xctest */,
			);
			name = Products;
			sourceTree = "<group>";
		};
		4B1CCDD12D87D04E00B8FD40 /* Bonsense */ = {
			isa = PBXGroup;
			children = (
				4BC93C152D88F3370055018E /* Services */,
				4B1CCDF12D87D4A500B8FD40 /* Utilities */,
				4B1CCDD22D87D04E00B8FD40 /* BonsenseApp.swift */,
				4B1CCDEA2D87D23300B8FD40 /* Views */,
				4B1CCDE32D87D20D00B8FD40 /* ViewModels */,
				4B1CCDD62D87D04F00B8FD40 /* Assets.xcassets */,
				4B1CCDD82D87D04F00B8FD40 /* Preview Content */,
				4BDBAC062DA47BD200A2035B /* SoilClassifierSVC.mlmodel */,
			);
			path = Bonsense;
			sourceTree = "<group>";
		};
		4B1CCDD82D87D04F00B8FD40 /* Preview Content */ = {
			isa = PBXGroup;
			children = (
				4B1CCDD92D87D04F00B8FD40 /* Preview Assets.xcassets */,
			);
			path = "Preview Content";
			sourceTree = "<group>";
		};
		4B1CCDE32D87D20D00B8FD40 /* ViewModels */ = {
			isa = PBXGroup;
			children = (
				4BC93C132D88F31C0055018E /* BluetoothViewModel.swift */,
				4B1CCDE62D87D22400B8FD40 /* PhotoViewModel.swift */,
				4B1CCDE82D87D22F00B8FD40 /* ResultViewModel.swift */,
			);
			path = ViewModels;
			sourceTree = "<group>";
		};
		4B1CCDEA2D87D23300B8FD40 /* Views */ = {
			isa = PBXGroup;
			children = (
				4B1CCDEB2D87D23E00B8FD40 /* LandingView.swift */,
				4B1CCDED2D87D24600B8FD40 /* PhotoView.swift */,
				4BC93C182D88F3B10055018E /* SensorPairingView.swift */,
				4B1CCDEF2D87D24C00B8FD40 /* SensorResultView.swift */,
				4B0BAEEE2DA300FC000ECE60 /* PhotoResultView.swift */,
			);
			path = Views;
			sourceTree = "<group>";
		};
		4B1CCDF12D87D4A500B8FD40 /* Utilities */ = {
			isa = PBXGroup;
			children = (
				4B1CCDE12D87D20800B8FD40 /* MoistureModel.swift */,
				4B1CCDF22D87D4B900B8FD40 /* Theme.swift */,
			);
			path = Utilities;
			sourceTree = "<group>";
		};
		4B75068C2DA45900001D3FB1 /* BonsenseTests */ = {
			isa = PBXGroup;
			children = (
				4BDBAC012DA46ADB00A2035B /* Resources */,
				4B7506962DA46049001D3FB1 /* FeatureExtractionTests.swift */,
				4B75068D2DA45900001D3FB1 /* BonsenseTests.swift */,
				4BDBAC082DA47BF500A2035B /* InferenceTest.swift */,
			);
			path = BonsenseTests;
			sourceTree = "<group>";
		};
		4BC93C152D88F3370055018E /* Services */ = {
			isa = PBXGroup;
			children = (
				4BC93C162D88F34F0055018E /* BLEPeripheralService.swift */,
				4B8C4E622DA1E8380033DC73 /* BLECentralService.swift */,
				4B7506822DA449F3001D3FB1 /* SVCPredictionService.swift */,
				4B7506842DA4517F001D3FB1 /* FeatureExtraction.swift */,
			);
			path = Services;
			sourceTree = "<group>";
		};
		4BDBAC012DA46ADB00A2035B /* Resources */ = {
			isa = PBXGroup;
			children = (
				4BDBAC022DA46AE900A2035B /* dry0.jpg */,
			);
			path = Resources;
			sourceTree = "<group>";
		};
/* End PBXGroup section */

/* Begin PBXNativeTarget section */
		4B1CCDCE2D87D04E00B8FD40 /* Bonsense */ = {
			isa = PBXNativeTarget;
			buildConfigurationList = 4B1CCDDD2D87D04F00B8FD40 /* Build configuration list for PBXNativeTarget "Bonsense" */;
			buildPhases = (
				4B1CCDCB2D87D04E00B8FD40 /* Sources */,
				4B1CCDCC2D87D04E00B8FD40 /* Frameworks */,
				4B1CCDCD2D87D04E00B8FD40 /* Resources */,
			);
			buildRules = (
			);
			dependencies = (
			);
			name = Bonsense;
			productName = Bonsense;
			productReference = 4B1CCDCF2D87D04E00B8FD40 /* Bonsense.app */;
			productType = "com.apple.product-type.application";
		};
		4B75068A2DA45900001D3FB1 /* BonsenseTests */ = {
			isa = PBXNativeTarget;
			buildConfigurationList = 4B7506912DA45900001D3FB1 /* Build configuration list for PBXNativeTarget "BonsenseTests" */;
			buildPhases = (
				4B7506872DA45900001D3FB1 /* Sources */,
				4B7506882DA45900001D3FB1 /* Frameworks */,
				4B7506892DA45900001D3FB1 /* Resources */,
			);
			buildRules = (
			);
			dependencies = (
				4B7506902DA45900001D3FB1 /* PBXTargetDependency */,
			);
			name = BonsenseTests;
			productName = BonsenseTests;
			productReference = 4B75068B2DA45900001D3FB1 /* BonsenseTests.xctest */;
			productType = "com.apple.product-type.bundle.unit-test";
		};
/* End PBXNativeTarget section */

/* Begin PBXProject section */
		4B1CCDC72D87D04E00B8FD40 /* Project object */ = {
			isa = PBXProject;
			attributes = {
				BuildIndependentTargetsInParallel = 1;
				LastSwiftUpdateCheck = 1530;
				LastUpgradeCheck = 1530;
				TargetAttributes = {
					4B1CCDCE2D87D04E00B8FD40 = {
						CreatedOnToolsVersion = 15.3;
					};
					4B75068A2DA45900001D3FB1 = {
						CreatedOnToolsVersion = 15.3;
						TestTargetID = 4B1CCDCE2D87D04E00B8FD40;
					};
				};
			};
			buildConfigurationList = 4B1CCDCA2D87D04E00B8FD40 /* Build configuration list for PBXProject "Bonsense" */;
			compatibilityVersion = "Xcode 14.0";
			developmentRegion = en;
			hasScannedForEncodings = 0;
			knownRegions = (
				en,
				Base,
			);
			mainGroup = 4B1CCDC62D87D04E00B8FD40;
			productRefGroup = 4B1CCDD02D87D04E00B8FD40 /* Products */;
			projectDirPath = "";
			projectRoot = "";
			targets = (
				4B1CCDCE2D87D04E00B8FD40 /* Bonsense */,
				4B75068A2DA45900001D3FB1 /* BonsenseTests */,
			);
		};
/* End PBXProject section */

/* Begin PBXResourcesBuildPhase section */
		4B1CCDCD2D87D04E00B8FD40 /* Resources */ = {
			isa = PBXResourcesBuildPhase;
			buildActionMask = 2147483647;
			files = (
				4B1CCDDA2D87D04F00B8FD40 /* Preview Assets.xcassets in Resources */,
				4B1CCDD72D87D04F00B8FD40 /* Assets.xcassets in Resources */,
			);
			runOnlyForDeploymentPostprocessing = 0;
		};
		4B7506892DA45900001D3FB1 /* Resources */ = {
			isa = PBXResourcesBuildPhase;
			buildActionMask = 2147483647;
			files = (
				4BDBAC032DA46AE900A2035B /* dry0.jpg in Resources */,
			);
			runOnlyForDeploymentPostprocessing = 0;
		};
/* End PBXResourcesBuildPhase section */

/* Begin PBXSourcesBuildPhase section */
		4B1CCDCB2D87D04E00B8FD40 /* Sources */ = {
			isa = PBXSourcesBuildPhase;
			buildActionMask = 2147483647;
			files = (
				4B0BAEEF2DA300FC000ECE60 /* PhotoResultView.swift in Sources */,
				4BC93C172D88F34F0055018E /* BLEPeripheralService.swift in Sources */,
				4B1CCDF32D87D4B900B8FD40 /* Theme.swift in Sources */,
				4B7506832DA449F3001D3FB1 /* SVCPredictionService.swift in Sources */,
				4B1CCDE22D87D20800B8FD40 /* MoistureModel.swift in Sources */,
				4B1CCDE92D87D22F00B8FD40 /* ResultViewModel.swift in Sources */,
				4BC93C142D88F31C0055018E /* BluetoothViewModel.swift in Sources */,
				4B1CCDF02D87D24C00B8FD40 /* SensorResultView.swift in Sources */,
				4B1CCDEC2D87D23E00B8FD40 /* LandingView.swift in Sources */,
				4BDBAC072DA47BD200A2035B /* SoilClassifierSVC.mlmodel in Sources */,
				4B8C4E632DA1E8380033DC73 /* BLECentralService.swift in Sources */,
				4B7506852DA4517F001D3FB1 /* FeatureExtraction.swift in Sources */,
				4B1CCDD32D87D04E00B8FD40 /* BonsenseApp.swift in Sources */,
				4BC93C192D88F3B10055018E /* SensorPairingView.swift in Sources */,
				4B1CCDE72D87D22400B8FD40 /* PhotoViewModel.swift in Sources */,
				4B1CCDEE2D87D24600B8FD40 /* PhotoView.swift in Sources */,
			);
			runOnlyForDeploymentPostprocessing = 0;
		};
		4B7506872DA45900001D3FB1 /* Sources */ = {
			isa = PBXSourcesBuildPhase;
			buildActionMask = 2147483647;
			files = (
				4B75068E2DA45900001D3FB1 /* BonsenseTests.swift in Sources */,
				4B7506972DA46049001D3FB1 /* FeatureExtractionTests.swift in Sources */,
				4BDBAC092DA47BF500A2035B /* InferenceTest.swift in Sources */,
			);
			runOnlyForDeploymentPostprocessing = 0;
		};
/* End PBXSourcesBuildPhase section */

/* Begin PBXTargetDependency section */
		4B7506902DA45900001D3FB1 /* PBXTargetDependency */ = {
			isa = PBXTargetDependency;
			target = 4B1CCDCE2D87D04E00B8FD40 /* Bonsense */;
			targetProxy = 4B75068F2DA45900001D3FB1 /* PBXContainerItemProxy */;
		};
/* End PBXTargetDependency section */

/* Begin XCBuildConfiguration section */
		4B1CCDDB2D87D04F00B8FD40 /* Debug */ = {
			isa = XCBuildConfiguration;
			buildSettings = {
				ALWAYS_SEARCH_USER_PATHS = NO;
				ASSETCATALOG_COMPILER_GENERATE_SWIFT_ASSET_SYMBOL_EXTENSIONS = YES;
				CLANG_ANALYZER_NONNULL = YES;
				CLANG_ANALYZER_NUMBER_OBJECT_CONVERSION = YES_AGGRESSIVE;
				CLANG_CXX_LANGUAGE_STANDARD = "gnu++20";
				CLANG_ENABLE_MODULES = YES;
				CLANG_ENABLE_OBJC_ARC = YES;
				CLANG_ENABLE_OBJC_WEAK = YES;
				CLANG_WARN_BLOCK_CAPTURE_AUTORELEASING = YES;
				CLANG_WARN_BOOL_CONVERSION = YES;
				CLANG_WARN_COMMA = YES;
				CLANG_WARN_CONSTANT_CONVERSION = YES;
				CLANG_WARN_DEPRECATED_OBJC_IMPLEMENTATIONS = YES;
				CLANG_WARN_DIRECT_OBJC_ISA_USAGE = YES_ERROR;
				CLANG_WARN_DOCUMENTATION_COMMENTS = YES;
				CLANG_WARN_EMPTY_BODY = YES;
				CLANG_WARN_ENUM_CONVERSION = YES;
				CLANG_WARN_INFINITE_RECURSION = YES;
				CLANG_WARN_INT_CONVERSION = YES;
				CLANG_WARN_NON_LITERAL_NULL_CONVERSION = YES;
				CLANG_WARN_OBJC_IMPLICIT_RETAIN_SELF = YES;
				CLANG_WARN_OBJC_LITERAL_CONVERSION = YES;
				CLANG_WARN_OBJC_ROOT_CLASS = YES_ERROR;
				CLANG_WARN_QUOTED_INCLUDE_IN_FRAMEWORK_HEADER = YES;
				CLANG_WARN_RANGE_LOOP_ANALYSIS = YES;
				CLANG_WARN_STRICT_PROTOTYPES = YES;
				CLANG_WARN_SUSPICIOUS_MOVE = YES;
				CLANG_WARN_UNGUARDED_AVAILABILITY = YES_AGGRESSIVE;
				CLANG_WARN_UNREACHABLE_CODE = YES;
				CLANG_WARN__DUPLICATE_METHOD_MATCH = YES;
				COPY_PHASE_STRIP = NO;
				DEBUG_INFORMATION_FORMAT = dwarf;
				ENABLE_STRICT_OBJC_MSGSEND = YES;
				ENABLE_TESTABILITY = YES;
				ENABLE_USER_SCRIPT_SANDBOXING = YES;
				GCC_C_LANGUAGE_STANDARD = gnu17;
				GCC_DYNAMIC_NO_PIC = NO;
				GCC_NO_COMMON_BLOCKS = YES;
				GCC_OPTIMIZATION_LEVEL = 0;
				GCC_PREPROCESSOR_DEFINITIONS = (
					"DEBUG=1",
					"$(inherited)",
				);
				GCC_WARN_64_TO_32_BIT_CONVERSION = YES;
				GCC_WARN_ABOUT_RETURN_TYPE = YES_ERROR;
				GCC_WARN_UNDECLARED_SELECTOR = YES;
				GCC_WARN_UNINITIALIZED_AUTOS = YES_AGGRESSIVE;
				GCC_WARN_UNUSED_FUNCTION = YES;
				GCC_WARN_UNUSED_VARIABLE = YES;
				IPHONEOS_DEPLOYMENT_TARGET = 17.4;
				LOCALIZATION_PREFERS_STRING_CATALOGS = YES;
				MTL_ENABLE_DEBUG_INFO = INCLUDE_SOURCE;
				MTL_FAST_MATH = YES;
				ONLY_ACTIVE_ARCH = YES;
				SDKROOT = iphoneos;
				SWIFT_ACTIVE_COMPILATION_CONDITIONS = "DEBUG $(inherited)";
				SWIFT_OPTIMIZATION_LEVEL = "-Onone";
			};
			name = Debug;
		};
		4B1CCDDC2D87D04F00B8FD40 /* Release */ = {
			isa = XCBuildConfiguration;
			buildSettings = {
				ALWAYS_SEARCH_USER_PATHS = NO;
				ASSETCATALOG_COMPILER_GENERATE_SWIFT_ASSET_SYMBOL_EXTENSIONS = YES;
				CLANG_ANALYZER_NONNULL = YES;
				CLANG_ANALYZER_NUMBER_OBJECT_CONVERSION = YES_AGGRESSIVE;
				CLANG_CXX_LANGUAGE_STANDARD = "gnu++20";
				CLANG_ENABLE_MODULES = YES;
				CLANG_ENABLE_OBJC_ARC = YES;
				CLANG_ENABLE_OBJC_WEAK = YES;
				CLANG_WARN_BLOCK_CAPTURE_AUTORELEASING = YES;
				CLANG_WARN_BOOL_CONVERSION = YES;
				CLANG_WARN_COMMA = YES;
				CLANG_WARN_CONSTANT_CONVERSION = YES;
				CLANG_WARN_DEPRECATED_OBJC_IMPLEMENTATIONS = YES;
				CLANG_WARN_DIRECT_OBJC_ISA_USAGE = YES_ERROR;
				CLANG_WARN_DOCUMENTATION_COMMENTS = YES;
				CLANG_WARN_EMPTY_BODY = YES;
				CLANG_WARN_ENUM_CONVERSION = YES;
				CLANG_WARN_INFINITE_RECURSION = YES;
				CLANG_WARN_INT_CONVERSION = YES;
				CLANG_WARN_NON_LITERAL_NULL_CONVERSION = YES;
				CLANG_WARN_OBJC_IMPLICIT_RETAIN_SELF = YES;
				CLANG_WARN_OBJC_LITERAL_CONVERSION = YES;
				CLANG_WARN_OBJC_ROOT_CLASS = YES_ERROR;
				CLANG_WARN_QUOTED_INCLUDE_IN_FRAMEWORK_HEADER = YES;
				CLANG_WARN_RANGE_LOOP_ANALYSIS = YES;
				CLANG_WARN_STRICT_PROTOTYPES = YES;
				CLANG_WARN_SUSPICIOUS_MOVE = YES;
				CLANG_WARN_UNGUARDED_AVAILABILITY = YES_AGGRESSIVE;
				CLANG_WARN_UNREACHABLE_CODE = YES;
				CLANG_WARN__DUPLICATE_METHOD_MATCH = YES;
				COPY_PHASE_STRIP = NO;
				DEBUG_INFORMATION_FORMAT = "dwarf-with-dsym";
				ENABLE_NS_ASSERTIONS = NO;
				ENABLE_STRICT_OBJC_MSGSEND = YES;
				ENABLE_USER_SCRIPT_SANDBOXING = YES;
				GCC_C_LANGUAGE_STANDARD = gnu17;
				GCC_NO_COMMON_BLOCKS = YES;
				GCC_WARN_64_TO_32_BIT_CONVERSION = YES;
				GCC_WARN_ABOUT_RETURN_TYPE = YES_ERROR;
				GCC_WARN_UNDECLARED_SELECTOR = YES;
				GCC_WARN_UNINITIALIZED_AUTOS = YES_AGGRESSIVE;
				GCC_WARN_UNUSED_FUNCTION = YES;
				GCC_WARN_UNUSED_VARIABLE = YES;
				IPHONEOS_DEPLOYMENT_TARGET = 17.4;
				LOCALIZATION_PREFERS_STRING_CATALOGS = YES;
				MTL_ENABLE_DEBUG_INFO = NO;
				MTL_FAST_MATH = YES;
				SDKROOT = iphoneos;
				SWIFT_COMPILATION_MODE = wholemodule;
				VALIDATE_PRODUCT = YES;
			};
			name = Release;
		};
		4B1CCDDE2D87D04F00B8FD40 /* Debug */ = {
			isa = XCBuildConfiguration;
			buildSettings = {
				ASSETCATALOG_COMPILER_APPICON_NAME = AppIcon;
				ASSETCATALOG_COMPILER_GLOBAL_ACCENT_COLOR_NAME = AccentColor;
				CODE_SIGN_STYLE = Automatic;
				CURRENT_PROJECT_VERSION = 1;
				DEVELOPMENT_ASSET_PATHS = "\"Bonsense/Preview Content\"";
				DEVELOPMENT_TEAM = D3AR98CJZJ;
				ENABLE_PREVIEWS = YES;
				GENERATE_INFOPLIST_FILE = YES;
				INFOPLIST_KEY_NSBluetoothAlwaysUsageDescription = "Connect to BLE central";
				INFOPLIST_KEY_NSBluetoothPeripheralUsageDescription = "Connec to raspi";
				INFOPLIST_KEY_NSCameraUsageDescription = "Take photo of your bonsai";
				INFOPLIST_KEY_UIApplicationSceneManifest_Generation = YES;
				INFOPLIST_KEY_UIApplicationSupportsIndirectInputEvents = YES;
				INFOPLIST_KEY_UILaunchScreen_Generation = YES;
				INFOPLIST_KEY_UISupportedInterfaceOrientations_iPad = "UIInterfaceOrientationPortrait UIInterfaceOrientationPortraitUpsideDown UIInterfaceOrientationLandscapeLeft UIInterfaceOrientationLandscapeRight";
				INFOPLIST_KEY_UISupportedInterfaceOrientations_iPhone = "UIInterfaceOrientationPortrait UIInterfaceOrientationLandscapeLeft UIInterfaceOrientationLandscapeRight";
				IPHONEOS_DEPLOYMENT_TARGET = 17.0;
				LD_RUNPATH_SEARCH_PATHS = (
					"$(inherited)",
					"@executable_path/Frameworks",
				);
				MARKETING_VERSION = 1.0;
				PRODUCT_BUNDLE_IDENTIFIER = com.jetchiang.Bonsense;
				PRODUCT_NAME = "$(TARGET_NAME)";
				SUPPORTED_PLATFORMS = "iphoneos iphonesimulator";
				SUPPORTS_MACCATALYST = NO;
				SUPPORTS_MAC_DESIGNED_FOR_IPHONE_IPAD = NO;
				SUPPORTS_XR_DESIGNED_FOR_IPHONE_IPAD = NO;
				SWIFT_EMIT_LOC_STRINGS = YES;
				SWIFT_VERSION = 5.0;
				TARGETED_DEVICE_FAMILY = 1;
			};
			name = Debug;
		};
		4B1CCDDF2D87D04F00B8FD40 /* Release */ = {
			isa = XCBuildConfiguration;
			buildSettings = {
				ASSETCATALOG_COMPILER_APPICON_NAME = AppIcon;
				ASSETCATALOG_COMPILER_GLOBAL_ACCENT_COLOR_NAME = AccentColor;
				CODE_SIGN_STYLE = Automatic;
				CURRENT_PROJECT_VERSION = 1;
				DEVELOPMENT_ASSET_PATHS = "\"Bonsense/Preview Content\"";
				DEVELOPMENT_TEAM = D3AR98CJZJ;
				ENABLE_PREVIEWS = YES;
				GENERATE_INFOPLIST_FILE = YES;
				INFOPLIST_KEY_NSBluetoothAlwaysUsageDescription = "Connect to BLE central";
				INFOPLIST_KEY_NSBluetoothPeripheralUsageDescription = "Connec to raspi";
				INFOPLIST_KEY_NSCameraUsageDescription = "Take photo of your bonsai";
				INFOPLIST_KEY_UIApplicationSceneManifest_Generation = YES;
				INFOPLIST_KEY_UIApplicationSupportsIndirectInputEvents = YES;
				INFOPLIST_KEY_UILaunchScreen_Generation = YES;
				INFOPLIST_KEY_UISupportedInterfaceOrientations_iPad = "UIInterfaceOrientationPortrait UIInterfaceOrientationPortraitUpsideDown UIInterfaceOrientationLandscapeLeft UIInterfaceOrientationLandscapeRight";
				INFOPLIST_KEY_UISupportedInterfaceOrientations_iPhone = "UIInterfaceOrientationPortrait UIInterfaceOrientationLandscapeLeft UIInterfaceOrientationLandscapeRight";
				IPHONEOS_DEPLOYMENT_TARGET = 17.0;
				LD_RUNPATH_SEARCH_PATHS = (
					"$(inherited)",
					"@executable_path/Frameworks",
				);
				MARKETING_VERSION = 1.0;
				PRODUCT_BUNDLE_IDENTIFIER = com.jetchiang.Bonsense;
				PRODUCT_NAME = "$(TARGET_NAME)";
				SUPPORTED_PLATFORMS = "iphoneos iphonesimulator";
				SUPPORTS_MACCATALYST = NO;
				SUPPORTS_MAC_DESIGNED_FOR_IPHONE_IPAD = NO;
				SUPPORTS_XR_DESIGNED_FOR_IPHONE_IPAD = NO;
				SWIFT_EMIT_LOC_STRINGS = YES;
				SWIFT_VERSION = 5.0;
				TARGETED_DEVICE_FAMILY = 1;
			};
			name = Release;
		};
		4B7506922DA45900001D3FB1 /* Debug */ = {
			isa = XCBuildConfiguration;
			buildSettings = {
				BUNDLE_LOADER = "$(TEST_HOST)";
				CODE_SIGN_IDENTITY = "Apple Development";
				CODE_SIGN_STYLE = Automatic;
				CURRENT_PROJECT_VERSION = 1;
				DEVELOPMENT_TEAM = D3AR98CJZJ;
				GENERATE_INFOPLIST_FILE = YES;
				IPHONEOS_DEPLOYMENT_TARGET = 17.0;
				MACOSX_DEPLOYMENT_TARGET = 14.0;
				MARKETING_VERSION = 1.0;
				PRODUCT_BUNDLE_IDENTIFIER = com.jetchiang.BonsenseTests;
				PRODUCT_NAME = "$(TARGET_NAME)";
				PROVISIONING_PROFILE_SPECIFIER = "";
				SDKROOT = auto;
				SUPPORTED_PLATFORMS = "iphoneos iphonesimulator";
				SUPPORTS_MACCATALYST = NO;
				SWIFT_EMIT_LOC_STRINGS = NO;
				SWIFT_VERSION = 5.0;
				TARGETED_DEVICE_FAMILY = 1;
				TEST_HOST = "$(BUILT_PRODUCTS_DIR)/Bonsense.app/$(BUNDLE_EXECUTABLE_FOLDER_PATH)/Bonsense";
			};
			name = Debug;
		};
		4B7506932DA45900001D3FB1 /* Release */ = {
			isa = XCBuildConfiguration;
			buildSettings = {
				BUNDLE_LOADER = "$(TEST_HOST)";
				CODE_SIGN_IDENTITY = "Apple Development";
				CODE_SIGN_STYLE = Automatic;
				CURRENT_PROJECT_VERSION = 1;
				DEVELOPMENT_TEAM = D3AR98CJZJ;
				GENERATE_INFOPLIST_FILE = YES;
				IPHONEOS_DEPLOYMENT_TARGET = 17.0;
				MACOSX_DEPLOYMENT_TARGET = 14.0;
				MARKETING_VERSION = 1.0;
				PRODUCT_BUNDLE_IDENTIFIER = com.jetchiang.BonsenseTests;
				PRODUCT_NAME = "$(TARGET_NAME)";
				PROVISIONING_PROFILE_SPECIFIER = "";
				SDKROOT = auto;
				SUPPORTED_PLATFORMS = "iphoneos iphonesimulator";
				SUPPORTS_MACCATALYST = NO;
				SWIFT_EMIT_LOC_STRINGS = NO;
				SWIFT_VERSION = 5.0;
				TARGETED_DEVICE_FAMILY = 1;
				TEST_HOST = "$(BUILT_PRODUCTS_DIR)/Bonsense.app/$(BUNDLE_EXECUTABLE_FOLDER_PATH)/Bonsense";
			};
			name = Release;
		};
/* End XCBuildConfiguration section */

/* Begin XCConfigurationList section */
		4B1CCDCA2D87D04E00B8FD40 /* Build configuration list for PBXProject "Bonsense" */ = {
			isa = XCConfigurationList;
			buildConfigurations = (
				4B1CCDDB2D87D04F00B8FD40 /* Debug */,
				4B1CCDDC2D87D04F00B8FD40 /* Release */,
			);
			defaultConfigurationIsVisible = 0;
			defaultConfigurationName = Release;
		};
		4B1CCDDD2D87D04F00B8FD40 /* Build configuration list for PBXNativeTarget "Bonsense" */ = {
			isa = XCConfigurationList;
			buildConfigurations = (
				4B1CCDDE2D87D04F00B8FD40 /* Debug */,
				4B1CCDDF2D87D04F00B8FD40 /* Release */,
			);
			defaultConfigurationIsVisible = 0;
			defaultConfigurationName = Release;
		};
		4B7506912DA45900001D3FB1 /* Build configuration list for PBXNativeTarget "BonsenseTests" */ = {
			isa = XCConfigurationList;
			buildConfigurations = (
				4B7506922DA45900001D3FB1 /* Debug */,
				4B7506932DA45900001D3FB1 /* Release */,
			);
			defaultConfigurationIsVisible = 0;
			defaultConfigurationName = Release;
		};
/* End XCConfigurationList section */
	};
	rootObject = 4B1CCDC72D87D04E00B8FD40 /* Project object */;
}
